// !$*UTF8*$!
{
	archiveVersion = 1;
	classes = {
	};
	objectVersion = 50;
	objects = {

/* Begin PBXBuildFile section */
		12D1118C2AFF4E55C9789C6F /* Pods_YoutubeInWebView.framework in Frameworks */ = {isa = PBXBuildFile; fileRef = 89E52F357268F94ECFF85B80 /* Pods_YoutubeInWebView.framework */; };
		454F5610247A3642008BD2BF /* AppDelegate.swift in Sources */ = {isa = PBXBuildFile; fileRef = 454F560F247A3642008BD2BF /* AppDelegate.swift */; };
		454F5612247A3642008BD2BF /* ViewController.swift in Sources */ = {isa = PBXBuildFile; fileRef = 454F5611247A3642008BD2BF /* ViewController.swift */; };
		454F5615247A3642008BD2BF /* Main.storyboard in Resources */ = {isa = PBXBuildFile; fileRef = 454F5613247A3642008BD2BF /* Main.storyboard */; };
		454F5617247A3644008BD2BF /* Assets.xcassets in Resources */ = {isa = PBXBuildFile; fileRef = 454F5616247A3644008BD2BF /* Assets.xcassets */; };
		454F561A247A3644008BD2BF /* LaunchScreen.storyboard in Resources */ = {isa = PBXBuildFile; fileRef = 454F5618247A3644008BD2BF /* LaunchScreen.storyboard */; };
/* End PBXBuildFile section */

/* Begin PBXFileReference section */
		454F560C247A3642008BD2BF /* YoutubeInWebView.app */ = {isa = PBXFileReference; explicitFileType = wrapper.application; includeInIndex = 0; path = YoutubeInWebView.app; sourceTree = BUILT_PRODUCTS_DIR; };
		454F560F247A3642008BD2BF /* AppDelegate.swift */ = {isa = PBXFileReference; lastKnownFileType = sourcecode.swift; path = AppDelegate.swift; sourceTree = "<group>"; };
		454F5611247A3642008BD2BF /* ViewController.swift */ = {isa = PBXFileReference; lastKnownFileType = sourcecode.swift; path = ViewController.swift; sourceTree = "<group>"; };
		454F5614247A3642008BD2BF /* Base */ = {isa = PBXFileReference; lastKnownFileType = file.storyboard; name = Base; path = Base.lproj/Main.storyboard; sourceTree = "<group>"; };
		454F5616247A3644008BD2BF /* Assets.xcassets */ = {isa = PBXFileReference; lastKnownFileType = folder.assetcatalog; path = Assets.xcassets; sourceTree = "<group>"; };
		454F5619247A3644008BD2BF /* Base */ = {isa = PBXFileReference; lastKnownFileType = file.storyboard; name = Base; path = Base.lproj/LaunchScreen.storyboard; sourceTree = "<group>"; };
		454F561B247A3644008BD2BF /* Info.plist */ = {isa = PBXFileReference; lastKnownFileType = text.plist.xml; path = Info.plist; sourceTree = "<group>"; };
		89E52F357268F94ECFF85B80 /* Pods_YoutubeInWebView.framework */ = {isa = PBXFileReference; explicitFileType = wrapper.framework; includeInIndex = 0; path = Pods_YoutubeInWebView.framework; sourceTree = BUILT_PRODUCTS_DIR; };
		D05E8A09CE2F3D0A41903D95 /* Pods-YoutubeInWebView.debug.xcconfig */ = {isa = PBXFileReference; includeInIndex = 1; lastKnownFileType = text.xcconfig; name = "Pods-YoutubeInWebView.debug.xcconfig"; path = "Target Support Files/Pods-YoutubeInWebView/Pods-YoutubeInWebView.debug.xcconfig"; sourceTree = "<group>"; };
		E616A51463230EEE0F8B5886 /* Pods-YoutubeInWebView.release.xcconfig */ = {isa = PBXFileReference; includeInIndex = 1; lastKnownFileType = text.xcconfig; name = "Pods-YoutubeInWebView.release.xcconfig"; path = "Target Support Files/Pods-YoutubeInWebView/Pods-YoutubeInWebView.release.xcconfig"; sourceTree = "<group>"; };
/* End PBXFileReference section */

/* Begin PBXFrameworksBuildPhase section */
		454F5609247A3642008BD2BF /* Frameworks */ = {
			isa = PBXFrameworksBuildPhase;
			buildActionMask = 2147483647;
			files = (
				12D1118C2AFF4E55C9789C6F /* Pods_YoutubeInWebView.framework in Frameworks */,
			);
			runOnlyForDeploymentPostprocessing = 0;
		};
/* End PBXFrameworksBuildPhase section */

/* Begin PBXGroup section */
		454F5603247A3642008BD2BF = {
			isa = PBXGroup;
			children = (
				454F560E247A3642008BD2BF /* YoutubeInWebView */,
				454F560D247A3642008BD2BF /* Products */,
				F859CDE08012FB2CEC0DBB39 /* Pods */,
				AE6552494FE758530143BB72 /* Frameworks */,
			);
			sourceTree = "<group>";
		};
		454F560D247A3642008BD2BF /* Products */ = {
			isa = PBXGroup;
			children = (
				454F560C247A3642008BD2BF /* YoutubeInWebView.app */,
			);
			name = Products;
			sourceTree = "<group>";
		};
		454F560E247A3642008BD2BF /* YoutubeInWebView */ = {
			isa = PBXGroup;
			children = (
				454F560F247A3642008BD2BF /* AppDelegate.swift */,
				454F5611247A3642008BD2BF /* ViewController.swift */,
				454F5613247A3642008BD2BF /* Main.storyboard */,
				454F5616247A3644008BD2BF /* Assets.xcassets */,
				454F5618247A3644008BD2BF /* LaunchScreen.storyboard */,
				454F561B247A3644008BD2BF /* Info.plist */,
			);
			path = YoutubeInWebView;
			sourceTree = "<group>";
		};
		AE6552494FE758530143BB72 /* Frameworks */ = {
			isa = PBXGroup;
			children = (
				89E52F357268F94ECFF85B80 /* Pods_YoutubeInWebView.framework */,
			);
			name = Frameworks;
			sourceTree = "<group>";
		};
		F859CDE08012FB2CEC0DBB39 /* Pods */ = {
			isa = PBXGroup;
			children = (
				D05E8A09CE2F3D0A41903D95 /* Pods-YoutubeInWebView.debug.xcconfig */,
				E616A51463230EEE0F8B5886 /* Pods-YoutubeInWebView.release.xcconfig */,
			);
			name = Pods;
			path = Pods;
			sourceTree = "<group>";
		};
/* End PBXGroup section */

/* Begin PBXNativeTarget section */
		454F560B247A3642008BD2BF /* YoutubeInWebView */ = {
			isa = PBXNativeTarget;
			buildConfigurationList = 454F561E247A3644008BD2BF /* Build configuration list for PBXNativeTarget "YoutubeInWebView" */;
			buildPhases = (
				0503F7D1CC8FF1076D37148E /* [CP] Check Pods Manifest.lock */,
				454F5608247A3642008BD2BF /* Sources */,
				454F5609247A3642008BD2BF /* Frameworks */,
				454F560A247A3642008BD2BF /* Resources */,
				EE9B81448055594A8C88294B /* [CP] Embed Pods Frameworks */,
			);
			buildRules = (
			);
			dependencies = (
			);
			name = YoutubeInWebView;
			productName = YoutubeInWebView;
			productReference = 454F560C247A3642008BD2BF /* YoutubeInWebView.app */;
			productType = "com.apple.product-type.application";
		};
/* End PBXNativeTarget section */

/* Begin PBXProject section */
		454F5604247A3642008BD2BF /* Project object */ = {
			isa = PBXProject;
			attributes = {
				LastSwiftUpdateCheck = 1030;
				LastUpgradeCheck = 1030;
				ORGANIZATIONNAME = vikas;
				TargetAttributes = {
					454F560B247A3642008BD2BF = {
						CreatedOnToolsVersion = 10.3;
					};
				};
			};
			buildConfigurationList = 454F5607247A3642008BD2BF /* Build configuration list for PBXProject "YoutubeInWebView" */;
			compatibilityVersion = "Xcode 9.3";
			developmentRegion = en;
			hasScannedForEncodings = 0;
			knownRegions = (
				en,
				Base,
			);
			mainGroup = 454F5603247A3642008BD2BF;
			productRefGroup = 454F560D247A3642008BD2BF /* Products */;
			projectDirPath = "";
			projectRoot = "";
			targets = (
				454F560B247A3642008BD2BF /* YoutubeInWebView */,
			);
		};
/* End PBXProject section */

/* Begin PBXResourcesBuildPhase section */
		454F560A247A3642008BD2BF /* Resources */ = {
			isa = PBXResourcesBuildPhase;
			buildActionMask = 2147483647;
			files = (
				454F561A247A3644008BD2BF /* LaunchScreen.storyboard in Resources */,
				454F5617247A3644008BD2BF /* Assets.xcassets in Resources */,
				454F5615247A3642008BD2BF /* Main.storyboard in Resources */,
			);
			runOnlyForDeploymentPostprocessing = 0;
		};
/* End PBXResourcesBuildPhase section */

/* Begin PBXShellScriptBuildPhase section */
		0503F7D1CC8FF1076D37148E /* [CP] Check Pods Manifest.lock */ = {
			isa = PBXShellScriptBuildPhase;
			buildActionMask = 2147483647;
			files = (
			);
			inputFileListPaths = (
			);
			inputPaths = (
				"${PODS_PODFILE_DIR_PATH}/Podfile.lock",
				"${PODS_ROOT}/Manifest.lock",
			);
			name = "[CP] Check Pods Manifest.lock";
			outputFileListPaths = (
			);
			outputPaths = (
				"$(DERIVED_FILE_DIR)/Pods-YoutubeInWebView-checkManifestLockResult.txt",
			);
			runOnlyForDeploymentPostprocessing = 0;
			shellPath = /bin/sh;
			shellScript = "diff \"${PODS_PODFILE_DIR_PATH}/Podfile.lock\" \"${PODS_ROOT}/Manifest.lock\" > /dev/null\nif [ $? != 0 ] ; then\n    # print error to STDERR\n    echo \"error: The sandbox is not in sync with the Podfile.lock. Run 'pod install' or update your CocoaPods installation.\" >&2\n    exit 1\nfi\n# This output is used by Xcode 'outputs' to avoid re-running this script phase.\necho \"SUCCESS\" > \"${SCRIPT_OUTPUT_FILE_0}\"\n";
			showEnvVarsInLog = 0;
		};
		EE9B81448055594A8C88294B /* [CP] Embed Pods Frameworks */ = {
			isa = PBXShellScriptBuildPhase;
			buildActionMask = 2147483647;
			files = (
			);
			inputFileListPaths = (
				"${PODS_ROOT}/Target Support Files/Pods-YoutubeInWebView/Pods-YoutubeInWebView-frameworks-${CONFIGURATION}-input-files.xcfilelist",
			);
			name = "[CP] Embed Pods Frameworks";
			outputFileListPaths = (
				"${PODS_ROOT}/Target Support Files/Pods-YoutubeInWebView/Pods-YoutubeInWebView-frameworks-${CONFIGURATION}-output-files.xcfilelist",
			);
			runOnlyForDeploymentPostprocessing = 0;
			shellPath = /bin/sh;
			shellScript = "\"${PODS_ROOT}/Target Support Files/Pods-YoutubeInWebView/Pods-YoutubeInWebView-frameworks.sh\"\n";
			showEnvVarsInLog = 0;
		};
/* End PBXShellScriptBuildPhase section */

/* Begin PBXSourcesBuildPhase section */
		454F5608247A3642008BD2BF /* Sources */ = {
			isa = PBXSourcesBuildPhase;
			buildActionMask = 2147483647;
			files = (
				454F5612247A3642008BD2BF /* ViewController.swift in Sources */,
				454F5610247A3642008BD2BF /* AppDelegate.swift in Sources */,
			);
			runOnlyForDeploymentPostprocessing = 0;
		};
/* End PBXSourcesBuildPhase section */

/* Begin PBXVariantGroup section */
		454F5613247A3642008BD2BF /* Main.storyboard */ = {
			isa = PBXVariantGroup;
			children = (
				454F5614247A3642008BD2BF /* Base */,
			);
			name = Main.storyboard;
			sourceTree = "<group>";
		};
		454F5618247A3644008BD2BF /* LaunchScreen.storyboard */ = {
			isa = PBXVariantGroup;
			children = (
				454F5619247A3644008BD2BF /* Base */,
			);
			name = LaunchScreen.storyboard;
			sourceTree = "<group>";
		};
/* End PBXVariantGroup section */

/* Begin XCBuildConfiguration section */
		454F561C247A3644008BD2BF /* Debug */ = {
			isa = XCBuildConfiguration;
			buildSettings = {
				ALWAYS_SEARCH_USER_PATHS = NO;
				CLANG_ANALYZER_NONNULL = YES;
				CLANG_ANALYZER_NUMBER_OBJECT_CONVERSION = YES_AGGRESSIVE;
				CLANG_CXX_LANGUAGE_STANDARD = "gnu++14";
				CLANG_CXX_LIBRARY = "libc++";
				CLANG_ENABLE_MODULES = YES;
				CLANG_ENABLE_OBJC_ARC = YES;
				CLANG_ENABLE_OBJC_WEAK = YES;
				CLANG_WARN_BLOCK_CAPTURE_AUTORELEASING = YES;
				CLANG_WARN_BOOL_CONVERSION = YES;
				CLANG_WARN_COMMA = YES;
				CLANG_WARN_CONSTANT_CONVERSION = YES;
				CLANG_WARN_DEPRECATED_OBJC_IMPLEMENTATIONS = YES;
				CLANG_WARN_DIRECT_OBJC_ISA_USAGE = YES_ERROR;
				CLANG_WARN_DOCUMENTATION_COMMENTS = YES;
				CLANG_WARN_EMPTY_BODY = YES;
				CLANG_WARN_ENUM_CONVERSION = YES;
				CLANG_WARN_INFINITE_RECURSION = YES;
				CLANG_WARN_INT_CONVERSION = YES;
				CLANG_WARN_NON_LITERAL_NULL_CONVERSION = YES;
				CLANG_WARN_OBJC_IMPLICIT_RETAIN_SELF = YES;
				CLANG_WARN_OBJC_LITERAL_CONVERSION = YES;
				CLANG_WARN_OBJC_ROOT_CLASS = YES_ERROR;
				CLANG_WARN_RANGE_LOOP_ANALYSIS = YES;
				CLANG_WARN_STRICT_PROTOTYPES = YES;
				CLANG_WARN_SUSPICIOUS_MOVE = YES;
				CLANG_WARN_UNGUARDED_AVAILABILITY = YES_AGGRESSIVE;
				CLANG_WARN_UNREACHABLE_CODE = YES;
				CLANG_WARN__DUPLICATE_METHOD_MATCH = YES;
				CODE_SIGN_IDENTITY = "iPhone Developer";
				COPY_PHASE_STRIP = NO;
				DEBUG_INFORMATION_FORMAT = dwarf;
				ENABLE_STRICT_OBJC_MSGSEND = YES;
				ENABLE_TESTABILITY = YES;
				GCC_C_LANGUAGE_STANDARD = gnu11;
				GCC_DYNAMIC_NO_PIC = NO;
				GCC_NO_COMMON_BLOCKS = YES;
				GCC_OPTIMIZATION_LEVEL = 0;
				GCC_PREPROCESSOR_DEFINITIONS = (
					"DEBUG=1",
					"$(inherited)",
				);
				GCC_WARN_64_TO_32_BIT_CONVERSION = YES;
				GCC_WARN_ABOUT_RETURN_TYPE = YES_ERROR;
				GCC_WARN_UNDECLARED_SELECTOR = YES;
				GCC_WARN_UNINITIALIZED_AUTOS = YES_AGGRESSIVE;
				GCC_WARN_UNUSED_FUNCTION = YES;
				GCC_WARN_UNUSED_VARIABLE = YES;
				IPHONEOS_DEPLOYMENT_TARGET = 12.4;
				MTL_ENABLE_DEBUG_INFO = INCLUDE_SOURCE;
				MTL_FAST_MATH = YES;
				ONLY_ACTIVE_ARCH = YES;
				SDKROOT = iphoneos;
				SWIFT_ACTIVE_COMPILATION_CONDITIONS = DEBUG;
				SWIFT_OPTIMIZATION_LEVEL = "-Onone";
			};
			name = Debug;
		};
		454F561D247A3644008BD2BF /* Release */ = {
			isa = XCBuildConfiguration;
			buildSettings = {
				ALWAYS_SEARCH_USER_PATHS = NO;
				CLANG_ANALYZER_NONNULL = YES;
				CLANG_ANALYZER_NUMBER_OBJECT_CONVERSION = YES_AGGRESSIVE;
				CLANG_CXX_LANGUAGE_STANDARD = "gnu++14";
				CLANG_CXX_LIBRARY = "libc++";
				CLANG_ENABLE_MODULES = YES;
				CLANG_ENABLE_OBJC_ARC = YES;
				CLANG_ENABLE_OBJC_WEAK = YES;
				CLANG_WARN_BLOCK_CAPTURE_AUTORELEASING = YES;
				CLANG_WARN_BOOL_CONVERSION = YES;
				CLANG_WARN_COMMA = YES;
				CLANG_WARN_CONSTANT_CONVERSION = YES;
				CLANG_WARN_DEPRECATED_OBJC_IMPLEMENTATIONS = YES;
				CLANG_WARN_DIRECT_OBJC_ISA_USAGE = YES_ERROR;
				CLANG_WARN_DOCUMENTATION_COMMENTS = YES;
				CLANG_WARN_EMPTY_BODY = YES;
				CLANG_WARN_ENUM_CONVERSION = YES;
				CLANG_WARN_INFINITE_RECURSION = YES;
				CLANG_WARN_INT_CONVERSION = YES;
				CLANG_WARN_NON_LITERAL_NULL_CONVERSION = YES;
				CLANG_WARN_OBJC_IMPLICIT_RETAIN_SELF = YES;
				CLANG_WARN_OBJC_LITERAL_CONVERSION = YES;
				CLANG_WARN_OBJC_ROOT_CLASS = YES_ERROR;
				CLANG_WARN_RANGE_LOOP_ANALYSIS = YES;
				CLANG_WARN_STRICT_PROTOTYPES = YES;
				CLANG_WARN_SUSPICIOUS_MOVE = YES;
				CLANG_WARN_UNGUARDED_AVAILABILITY = YES_AGGRESSIVE;
				CLANG_WARN_UNREACHABLE_CODE = YES;
				CLANG_WARN__DUPLICATE_METHOD_MATCH = YES;
				CODE_SIGN_IDENTITY = "iPhone Developer";
				COPY_PHASE_STRIP = NO;
				DEBUG_INFORMATION_FORMAT = "dwarf-with-dsym";
				ENABLE_NS_ASSERTIONS = NO;
				ENABLE_STRICT_OBJC_MSGSEND = YES;
				GCC_C_LANGUAGE_STANDARD = gnu11;
				GCC_NO_COMMON_BLOCKS = YES;
				GCC_WARN_64_TO_32_BIT_CONVERSION = YES;
				GCC_WARN_ABOUT_RETURN_TYPE = YES_ERROR;
				GCC_WARN_UNDECLARED_SELECTOR = YES;
				GCC_WARN_UNINITIALIZED_AUTOS = YES_AGGRESSIVE;
				GCC_WARN_UNUSED_FUNCTION = YES;
				GCC_WARN_UNUSED_VARIABLE = YES;
				IPHONEOS_DEPLOYMENT_TARGET = 12.4;
				MTL_ENABLE_DEBUG_INFO = NO;
				MTL_FAST_MATH = YES;
				SDKROOT = iphoneos;
				SWIFT_COMPILATION_MODE = wholemodule;
				SWIFT_OPTIMIZATION_LEVEL = "-O";
				VALIDATE_PRODUCT = YES;
			};
			name = Release;
		};
		454F561F247A3644008BD2BF /* Debug */ = {
			isa = XCBuildConfiguration;
			baseConfigurationReference = D05E8A09CE2F3D0A41903D95 /* Pods-YoutubeInWebView.debug.xcconfig */;
			buildSettings = {
				ASSETCATALOG_COMPILER_APPICON_NAME = AppIcon;
				CODE_SIGN_STYLE = Automatic;
				INFOPLIST_FILE = YoutubeInWebView/Info.plist;
				LD_RUNPATH_SEARCH_PATHS = (
					"$(inherited)",
					"@executable_path/Frameworks",
				);
				PRODUCT_BUNDLE_IDENTIFIER = com.YoutubeInWebView;
				PRODUCT_NAME = "$(TARGET_NAME)";
				SWIFT_VERSION = 5.0;
				TARGETED_DEVICE_FAMILY = "1,2";
			};
			name = Debug;
		};
		454F5620247A3644008BD2BF /* Release */ = {
			isa = XCBuildConfiguration;
			baseConfigurationReference = E616A51463230EEE0F8B5886 /* Pods-YoutubeInWebView.release.xcconfig */;
			buildSettings = {
				ASSETCATALOG_COMPILER_APPICON_NAME = AppIcon;
				CODE_SIGN_STYLE = Automatic;
				INFOPLIST_FILE = YoutubeInWebView/Info.plist;
				LD_RUNPATH_SEARCH_PATHS = (
					"$(inherited)",
					"@executable_path/Frameworks",
				);
				PRODUCT_BUNDLE_IDENTIFIER = com.YoutubeInWebView;
				PRODUCT_NAME = "$(TARGET_NAME)";
				SWIFT_VERSION = 5.0;
				TARGETED_DEVICE_FAMILY = "1,2";
			};
			name = Release;
		};
/* End XCBuildConfiguration section */

/* Begin XCConfigurationList section */
		454F5607247A3642008BD2BF /* Build configuration list for PBXProject "YoutubeInWebView" */ = {
			isa = XCConfigurationList;
			buildConfigurations = (
				454F561C247A3644008BD2BF /* Debug */,
				454F561D247A3644008BD2BF /* Release */,
			);
			defaultConfigurationIsVisible = 0;
			defaultConfigurationName = Release;
		};
		454F561E247A3644008BD2BF /* Build configuration list for PBXNativeTarget "YoutubeInWebView" */ = {
			isa = XCConfigurationList;
			buildConfigurations = (
				454F561F247A3644008BD2BF /* Debug */,
				454F5620247A3644008BD2BF /* Release */,
			);
			defaultConfigurationIsVisible = 0;
			defaultConfigurationName = Release;
		};
/* End XCConfigurationList section */
	};
	rootObject = 454F5604247A3642008BD2BF /* Project object */;
}
